
Microsoft Visual Studio Solution File, Format Version 12.00
# Visual Studio Version 17
VisualStudioVersion = 17.10.34916.146
MinimumVisualStudioVersion = 10.0.40219.1
Project("{FAE04EC0-301F-11D3-BF4B-00C04F79EFBC}") = "APINasa_SL", "APINasa_SL\APINasa_SL.csproj", "{B66654EB-B4B6-4260-855D-8DE4E0F828B3}"
EndProject
Global
	GlobalSection(SolutionConfigurationPlatforms) = preSolution
		Debug|Any CPU = Debug|Any CPU
		Release|Any CPU = Release|Any CPU
	EndGlobalSection
	GlobalSection(ProjectConfigurationPlatforms) = postSolution
		{B66654EB-B4B6-4260-855D-8DE4E0F828B3}.Debug|Any CPU.ActiveCfg = Debug|Any CPU
		{B66654EB-B4B6-4260-855D-8DE4E0F828B3}.Debug|Any CPU.Build.0 = Debug|Any CPU
		{B66654EB-B4B6-4260-855D-8DE4E0F828B3}.Debug|Any CPU.Deploy.0 = Debug|Any CPU
		{B66654EB-B4B6-4260-855D-8DE4E0F828B3}.Release|Any CPU.ActiveCfg = Release|Any CPU
		{B66654EB-B4B6-4260-855D-8DE4E0F828B3}.Release|Any CPU.Build.0 = Release|Any CPU
		{B66654EB-B4B6-4260-855D-8DE4E0F828B3}.Release|Any CPU.Deploy.0 = Release|Any CPU
	EndGlobalSection
	GlobalSection(SolutionProperties) = preSolution
		HideSolutionNode = FALSE
	EndGlobalSection
	GlobalSection(ExtensibilityGlobals) = postSolution
		SolutionGuid = {09720200-AAE9-47D1-AAA0-A8217DA8E72D}
	EndGlobalSection
EndGlobal
